<?xml version="1.0" encoding="utf-8"?>
<Project ToolsVersion="4.0" xmlns="http://schemas.microsoft.com/developer/msbuild/2003">
  <ItemGroup>
    <Filter Include="Source Files">
      <UniqueIdentifier>{4FC737F1-C7A5-4376-A066-2A32D752A2FF}</UniqueIdentifier>
      <Extensions>cpp;c;cc;cxx;c++;cppm;ixx;def;odl;idl;hpj;bat;asm;asmx</Extensions>
    </Filter>
    <Filter Include="Header Files">
      <UniqueIdentifier>{93995380-89BD-4b04-88EB-625FBE52EBFB}</UniqueIdentifier>
      <Extensions>h;hh;hpp;hxx;h++;hm;inl;inc;ipp;xsd</Extensions>
    </Filter>
    <Filter Include="Resource Files">
      <UniqueIdentifier>{67DA6AB6-F800-4c08-8B7A-83BB121AAD01}</UniqueIdentifier>
      <Extensions>rc;ico;cur;bmp;dlg;rc2;rct;bin;rgs;gif;jpg;jpeg;jpe;resx;tiff;tif;png;wav;mfcribbon-ms</Extensions>
    </Filter>
  </ItemGroup>
  <ItemGroup>
    <ClCompile Include="Engine\Runtime\Launch\Private\Launch.cpp">
      <Filter>Source Files</Filter>
    </ClCompile>
    <ClCompile Include="Engine\Runtime\Launch\Private\Windows\LaunchWindows.cpp">
      <Filter>Source Files</Filter>
    </ClCompile>
    <ClCompile Include="Engine\Runtime\Online\HTTP\Private\Curl\CurlHttp.cpp">
      <Filter>Source Files</Filter>
    </ClCompile>
    <ClCompile Include="Engine\Runtime\Core\Private\Algo\IntroSort.cpp">
      <Filter>Source Files</Filter>
    </ClCompile>
    <ClCompile Include="Engine\Runtime\Core\Private\Containers\UnrealString.cpp">
      <Filter>Source Files</Filter>
    </ClCompile>
    <ClCompile Include="Engine\Runtime\Core\Private\GenericPlatform\GenericPlatformMisc.cpp">
      <Filter>Source Files</Filter>
    </ClCompile>
    <ClCompile Include="Engine\Runtime\Core\Private\GenericPlatform\GenericPlatformProcess.cpp">
      <Filter>Source Files</Filter>
    </ClCompile>
    <ClCompile Include="Engine\Runtime\Core\Private\GenericPlatform\GenericPlatformTime.cpp">
      <Filter>Source Files</Filter>
    </ClCompile>
    <ClCompile Include="Engine\Runtime\Core\Private\HAL\PlatformMemory.cpp">
      <Filter>Source Files</Filter>
    </ClCompile>
    <ClCompile Include="Engine\Runtime\Core\Private\HAL\PlatformTLS.cpp">
      <Filter>Source Files</Filter>
    </ClCompile>
    <ClCompile Include="Engine\Runtime\Core\Private\HAL\ThreadingBase.cpp">
      <Filter>Source Files</Filter>
    </ClCompile>
    <ClCompile Include="Engine\Runtime\Core\Private\HAL\ThreadSingleton.cpp">
      <Filter>Source Files</Filter>
    </ClCompile>
    <ClCompile Include="Engine\Runtime\Core\Private\HAL\UnrealMemory.cpp">
      <Filter>Source Files</Filter>
    </ClCompile>
    <ClCompile Include="Engine\Runtime\Core\Private\Logging\LogCategory.cpp">
      <Filter>Source Files</Filter>
    </ClCompile>
    <ClCompile Include="Engine\Runtime\Core\Private\Logging\LogMacros.cpp">
      <Filter>Source Files</Filter>
    </ClCompile>
    <ClCompile Include="Engine\Runtime\Core\Private\Logging\LogVerbosity.cpp">
      <Filter>Source Files</Filter>
    </ClCompile>
    <ClCompile Include="Engine\Runtime\Core\Private\Math\Rotator.cpp">
      <Filter>Source Files</Filter>
    </ClCompile>
    <ClCompile Include="Engine\Runtime\Core\Private\Misc\OutputDeviceHelper.cpp">
      <Filter>Source Files</Filter>
    </ClCompile>
    <ClCompile Include="Engine\Runtime\Core\Private\UObject\NameTypes.cpp">
      <Filter>Source Files</Filter>
    </ClCompile>
    <ClCompile Include="Engine\Runtime\Core\Private\Windows\WindowsPlatformMisc.cpp">
      <Filter>Source Files</Filter>
    </ClCompile>
    <ClCompile Include="Engine\Runtime\Core\Private\Windows\WindowsPlatformProcess.cpp">
      <Filter>Source Files</Filter>
    </ClCompile>
    <ClCompile Include="Engine\Runtime\Core\Private\Windows\WindowsPlatformTime.cpp">
      <Filter>Source Files</Filter>
    </ClCompile>
    <ClCompile Include="Engine\Runtime\Core\Private\Windows\WindowsRunnableThread.cpp">
      <Filter>Source Files</Filter>
    </ClCompile>
    <ClCompile Include="Engine\Plugins\Runtime\Nova\Private\KismetMemoryLibrary.cpp">
      <Filter>Source Files</Filter>
    </ClCompile>
    <ClCompile Include="Engine\Plugins\Runtime\Nova\Private\KismetDetoursLibrary.cpp">
      <Filter>Source Files</Filter>
    </ClCompile>
    <ClCompile Include="Engine\Plugins\Runtime\Nova\Private\Nova.cpp">
      <Filter>Source Files</Filter>
    </ClCompile>
    <ClCompile Include="Engine\Runtime\ApplicationCore\Private\Windows\WindowsConsoleOutputDevice.cpp">
      <Filter>Source Files</Filter>
    </ClCompile>
    <ClCompile Include="Engine\Plugins\Runtime\Nova\Private\Patches\CrashPatch.cpp">
      <Filter>Source Files</Filter>
    </ClCompile>
    <ClCompile Include="Engine\Plugins\Runtime\Nova\Private\Patches\CurlHttpRequestPatch.cpp">
      <Filter>Source Files</Filter>
    </ClCompile>
    <ClCompile Include="Engine\Plugins\Runtime\Presidio\Private\Presidio.cpp">
      <Filter>Source Files</Filter>
    </ClCompile>
    <ClCompile Include="Engine\Runtime\CoreUObject\Private\UObject\Class.cpp">
      <Filter>Source Files</Filter>
    </ClCompile>
    <ClCompile Include="Engine\Runtime\CoreUObject\Private\UObject\Object.cpp">
      <Filter>Source Files</Filter>
    </ClCompile>
    <ClCompile Include="Engine\Runtime\CoreUObject\Private\UObject\ScriptCore.cpp">
      <Filter>Source Files</Filter>
    </ClCompile>
    <ClCompile Include="Engine\Runtime\CoreUObject\Private\UObject\SoftObjectPath.cpp">
      <Filter>Source Files</Filter>
    </ClCompile>
    <ClCompile Include="Engine\Runtime\CoreUObject\Private\UObject\UObjectGlobals.cpp">
      <Filter>Source Files</Filter>
    </ClCompile>
    <ClCompile Include="Engine\Runtime\CoreUObject\Private\UObject\WeakObjectPtr.cpp">
      <Filter>Source Files</Filter>
    </ClCompile>
    <ClCompile Include="Engine\Plugins\Runtime\Nova\Private\Mods\EditingMod.cpp">
      <Filter>Source Files</Filter>
    </ClCompile>
    <ClCompile Include="Engine\Runtime\FortniteGame\Private\FortEngine.cpp">
      <Filter>Source Files</Filter>
    </ClCompile>
    <ClCompile Include="Engine\Plugins\Runtime\Nova\Private\Patches\FortEnginePatch.cpp">
      <Filter>Source Files</Filter>
    </ClCompile>
    <ClCompile Include="Engine\Plugins\Runtime\Nova\Private\Patches\CameraUpdatePatch.cpp">
      <Filter>Source Files</Filter>
    </ClCompile>
    <ClCompile Include="Engine\Plugins\Runtime\Nova\Private\Patches\LinearPatch.cpp">
      <Filter>Source Files</Filter>
    </ClCompile>
    <ClCompile Include="Engine\Plugins\Runtime\Nova\Private\Mods\QuickBarMod.cpp">
      <Filter>Source Files</Filter>
    </ClCompile>
    <ClCompile Include="Engine\Runtime\FortniteGame\Private\Inventory\FortQuickBars.cpp">
      <Filter>Source Files</Filter>
    </ClCompile>
    <ClCompile Include="Engine\Runtime\FortniteGame\Private\Player\FortPlayerController.cpp">
      <Filter>Source Files</Filter>
    </ClCompile>
    <ClCompile Include="Engine\Runtime\FortniteGame\Private\ItemDefinitions\FortItem.cpp">
      <Filter>Source Files</Filter>
    </ClCompile>
    <ClCompile Include="Engine\Runtime\Engine\Private\KismetSystemLibrary.cpp">
      <Filter>Source Files</Filter>
    </ClCompile>
  </ItemGroup>
  <ItemGroup>
    <ClInclude Include="Engine\Runtime\Online\HTTP\Public\Curl\CurlHttp.h">
      <Filter>Header Files</Filter>
    </ClInclude>
    <ClInclude Include="Engine\Runtime\Core\Public\Algo\Impl\BinaryHeap.h">
      <Filter>Header Files</Filter>
    </ClInclude>
    <ClInclude Include="Engine\Runtime\Core\Public\Algo\IntroSort.h">
      <Filter>Header Files</Filter>
    </ClInclude>
    <ClInclude Include="Engine\Runtime\Core\Public\Algo\Sort.h">
      <Filter>Header Files</Filter>
    </ClInclude>
    <ClInclude Include="Engine\Runtime\Core\Public\Async\Async.h">
      <Filter>Header Files</Filter>
    </ClInclude>
    <ClInclude Include="Engine\Runtime\Core\Public\Async\TaskGraphInterfaces.h">
      <Filter>Header Files</Filter>
    </ClInclude>
    <ClInclude Include="Engine\Runtime\Core\Public\Containers\Array.h">
      <Filter>Header Files</Filter>
    </ClInclude>
    <ClInclude Include="Engine\Runtime\Core\Public\Containers\BitArray.h">
      <Filter>Header Files</Filter>
    </ClInclude>
    <ClInclude Include="Engine\Runtime\Core\Public\Containers\ContainerAllocationPolicies.h">
      <Filter>Header Files</Filter>
    </ClInclude>
    <ClInclude Include="Engine\Runtime\Core\Public\Containers\ContainersFwd.h">
      <Filter>Header Files</Filter>
    </ClInclude>
    <ClInclude Include="Engine\Runtime\Core\Public\Containers\EnumAsByte.h">
      <Filter>Header Files</Filter>
    </ClInclude>
    <ClInclude Include="Engine\Runtime\Core\Public\Containers\IndirectArray.h">
      <Filter>Header Files</Filter>
    </ClInclude>
    <ClInclude Include="Engine\Runtime\Core\Public\Containers\Map.h">
      <Filter>Header Files</Filter>
    </ClInclude>
    <ClInclude Include="Engine\Runtime\Core\Public\Containers\Set.h">
      <Filter>Header Files</Filter>
    </ClInclude>
    <ClInclude Include="Engine\Runtime\Core\Public\Containers\SparseArray.h">
      <Filter>Header Files</Filter>
    </ClInclude>
    <ClInclude Include="Engine\Runtime\Core\Public\Containers\UnrealString.h">
      <Filter>Header Files</Filter>
    </ClInclude>
    <ClInclude Include="Engine\Runtime\Core\Public\Core.h">
      <Filter>Header Files</Filter>
    </ClInclude>
    <ClInclude Include="Engine\Runtime\Core\Public\CoreFwd.h">
      <Filter>Header Files</Filter>
    </ClInclude>
    <ClInclude Include="Engine\Runtime\Core\Public\CoreGlobals.h">
      <Filter>Header Files</Filter>
    </ClInclude>
    <ClInclude Include="Engine\Runtime\Core\Public\CoreMinimal.h">
      <Filter>Header Files</Filter>
    </ClInclude>
    <ClInclude Include="Engine\Runtime\Core\Public\CoreTypes.h">
      <Filter>Header Files</Filter>
    </ClInclude>
    <ClInclude Include="Engine\Runtime\Core\Public\GenericPlatform\GenericPlatform.h">
      <Filter>Header Files</Filter>
    </ClInclude>
    <ClInclude Include="Engine\Runtime\Core\Public\GenericPlatform\GenericPlatformAffinity.h">
      <Filter>Header Files</Filter>
    </ClInclude>
    <ClInclude Include="Engine\Runtime\Core\Public\GenericPlatform\GenericPlatformAtomics.h">
      <Filter>Header Files</Filter>
    </ClInclude>
    <ClInclude Include="Engine\Runtime\Core\Public\GenericPlatform\GenericPlatformMisc.h">
      <Filter>Header Files</Filter>
    </ClInclude>
    <ClInclude Include="Engine\Runtime\Core\Public\GenericPlatform\GenericPlatformProcess.h">
      <Filter>Header Files</Filter>
    </ClInclude>
    <ClInclude Include="Engine\Runtime\Core\Public\GenericPlatform\GenericPlatformStricmp.h">
      <Filter>Header Files</Filter>
    </ClInclude>
    <ClInclude Include="Engine\Runtime\Core\Public\GenericPlatform\GenericPlatformTime.h">
      <Filter>Header Files</Filter>
    </ClInclude>
    <ClInclude Include="Engine\Runtime\Core\Public\HAL\Platform.h">
      <Filter>Header Files</Filter>
    </ClInclude>
    <ClInclude Include="Engine\Runtime\Core\Public\HAL\PlatformAffinity.h">
      <Filter>Header Files</Filter>
    </ClInclude>
    <ClInclude Include="Engine\Runtime\Core\Public\HAL\PlatformAtomics.h">
      <Filter>Header Files</Filter>
    </ClInclude>
    <ClInclude Include="Engine\Runtime\Core\Public\HAL\PlatformMath.h">
      <Filter>Header Files</Filter>
    </ClInclude>
    <ClInclude Include="Engine\Runtime\Core\Public\HAL\PlatformMemory.h">
      <Filter>Header Files</Filter>
    </ClInclude>
    <ClInclude Include="Engine\Runtime\Core\Public\HAL\PlatformMisc.h">
      <Filter>Header Files</Filter>
    </ClInclude>
    <ClInclude Include="Engine\Runtime\Core\Public\HAL\PlatformString.h">
      <Filter>Header Files</Filter>
    </ClInclude>
    <ClInclude Include="Engine\Runtime\Core\Public\HAL\PlatformTime.h">
      <Filter>Header Files</Filter>
    </ClInclude>
    <ClInclude Include="Engine\Runtime\Core\Public\HAL\PlatformTLS.h">
      <Filter>Header Files</Filter>
    </ClInclude>
    <ClInclude Include="Engine\Runtime\Core\Public\HAL\PreprocessorHelpers.h">
      <Filter>Header Files</Filter>
    </ClInclude>
    <ClInclude Include="Engine\Runtime\Core\Public\HAL\Runnable.h">
      <Filter>Header Files</Filter>
    </ClInclude>
    <ClInclude Include="Engine\Runtime\Core\Public\HAL\RunnableThread.h">
      <Filter>Header Files</Filter>
    </ClInclude>
    <ClInclude Include="Engine\Runtime\Core\Public\HAL\ThreadingBase.h">
      <Filter>Header Files</Filter>
    </ClInclude>
    <ClInclude Include="Engine\Runtime\Core\Public\HAL\ThreadSafeCounter.h">
      <Filter>Header Files</Filter>
    </ClInclude>
    <ClInclude Include="Engine\Runtime\Core\Public\HAL\ThreadSingleton.h">
      <Filter>Header Files</Filter>
    </ClInclude>
    <ClInclude Include="Engine\Runtime\Core\Public\HAL\TlsAutoCleanup.h">
      <Filter>Header Files</Filter>
    </ClInclude>
    <ClInclude Include="Engine\Runtime\Core\Public\HAL\UnrealMemory.h">
      <Filter>Header Files</Filter>
    </ClInclude>
    <ClInclude Include="Engine\Runtime\Core\Public\Logging\LogCategory.h">
      <Filter>Header Files</Filter>
    </ClInclude>
    <ClInclude Include="Engine\Runtime\Core\Public\Logging\LogMacros.h">
      <Filter>Header Files</Filter>
    </ClInclude>
    <ClInclude Include="Engine\Runtime\Core\Public\Logging\LogVerbosity.h">
      <Filter>Header Files</Filter>
    </ClInclude>
    <ClInclude Include="Engine\Runtime\Core\Public\Math\Axis.h">
      <Filter>Header Files</Filter>
    </ClInclude>
    <ClInclude Include="Engine\Runtime\Core\Public\Math\Color.h">
      <Filter>Header Files</Filter>
    </ClInclude>
    <ClInclude Include="Engine\Runtime\Core\Public\Math\IntVector.h">
      <Filter>Header Files</Filter>
    </ClInclude>
    <ClInclude Include="Engine\Runtime\Core\Public\Math\NumericLimits.h">
      <Filter>Header Files</Filter>
    </ClInclude>
    <ClInclude Include="Engine\Runtime\Core\Public\Math\Quat.h">
      <Filter>Header Files</Filter>
    </ClInclude>
    <ClInclude Include="Engine\Runtime\Core\Public\Math\Rotator.h">
      <Filter>Header Files</Filter>
    </ClInclude>
    <ClInclude Include="Engine\Runtime\Core\Public\Math\ScalarRegister.h">
      <Filter>Header Files</Filter>
    </ClInclude>
    <ClInclude Include="Engine\Runtime\Core\Public\Math\Transform.h">
      <Filter>Header Files</Filter>
    </ClInclude>
    <ClInclude Include="Engine\Runtime\Core\Public\Math\UnrealMathSSE.h">
      <Filter>Header Files</Filter>
    </ClInclude>
    <ClInclude Include="Engine\Runtime\Core\Public\Math\UnrealMathVectorCommon.h">
      <Filter>Header Files</Filter>
    </ClInclude>
    <ClInclude Include="Engine\Runtime\Core\Public\Math\UnrealMathVectorConstants.h">
      <Filter>Header Files</Filter>
    </ClInclude>
    <ClInclude Include="Engine\Runtime\Core\Public\Math\Vector.h">
      <Filter>Header Files</Filter>
    </ClInclude>
    <ClInclude Include="Engine\Runtime\Core\Public\Math\VectorRegister.h">
      <Filter>Header Files</Filter>
    </ClInclude>
    <ClInclude Include="Engine\Runtime\Core\Public\Microsoft\MinimalWindowsApi.h">
      <Filter>Header Files</Filter>
    </ClInclude>
    <ClInclude Include="Engine\Runtime\Core\Public\Misc\AssertionMacros.h">
      <Filter>Header Files</Filter>
    </ClInclude>
    <ClInclude Include="Engine\Runtime\Core\Public\Misc\Char.h">
      <Filter>Header Files</Filter>
    </ClInclude>
    <ClInclude Include="Engine\Runtime\Core\Public\Misc\CoreDefines.h">
      <Filter>Header Files</Filter>
    </ClInclude>
    <ClInclude Include="Engine\Runtime\Core\Public\Misc\CoreMiscDefines.h">
      <Filter>Header Files</Filter>
    </ClInclude>
    <ClInclude Include="Engine\Runtime\Core\Public\Misc\Crc.h">
      <Filter>Header Files</Filter>
    </ClInclude>
    <ClInclude Include="Engine\Runtime\Core\Public\Misc\CString.h">
      <Filter>Header Files</Filter>
    </ClInclude>
    <ClInclude Include="Engine\Runtime\Core\Public\Misc\EnumClassFlags.h">
      <Filter>Header Files</Filter>
    </ClInclude>
    <ClInclude Include="Engine\Runtime\Core\Public\Misc\Guid.h">
      <Filter>Header Files</Filter>
    </ClInclude>
    <ClInclude Include="Engine\Runtime\Core\Public\Misc\OutputDevice.h">
      <Filter>Header Files</Filter>
    </ClInclude>
    <ClInclude Include="Engine\Runtime\Core\Public\Misc\OutputDeviceConsole.h">
      <Filter>Header Files</Filter>
    </ClInclude>
    <ClInclude Include="Engine\Runtime\Core\Public\Misc\OutputDeviceHelper.h">
      <Filter>Header Files</Filter>
    </ClInclude>
    <ClInclude Include="Engine\Runtime\Core\Public\Misc\VarArgs.h">
      <Filter>Header Files</Filter>
    </ClInclude>
    <ClInclude Include="Engine\Runtime\Core\Public\Templates\AlignmentTemplates.h">
      <Filter>Header Files</Filter>
    </ClInclude>
    <ClInclude Include="Engine\Runtime\Core\Public\Templates\AndOrNot.h">
      <Filter>Header Files</Filter>
    </ClInclude>
    <ClInclude Include="Engine\Runtime\Core\Public\Templates\AreTypesEqual.h">
      <Filter>Header Files</Filter>
    </ClInclude>
    <ClInclude Include="Engine\Runtime\Core\Public\Templates\Casts.h">
      <Filter>Header Files</Filter>
    </ClInclude>
    <ClInclude Include="Engine\Runtime\Core\Public\Templates\ChooseClass.h">
      <Filter>Header Files</Filter>
    </ClInclude>
    <ClInclude Include="Engine\Runtime\Core\Public\Templates\Decay.h">
      <Filter>Header Files</Filter>
    </ClInclude>
    <ClInclude Include="Engine\Runtime\Core\Public\Templates\EnableIf.h">
      <Filter>Header Files</Filter>
    </ClInclude>
    <ClInclude Include="Engine\Runtime\Core\Public\Templates\Function.h">
      <Filter>Header Files</Filter>
    </ClInclude>
    <ClInclude Include="Engine\Runtime\Core\Public\Templates\HasGetTypeHash.h">
      <Filter>Header Files</Filter>
    </ClInclude>
    <ClInclude Include="Engine\Runtime\Core\Public\Templates\IdentityFunctor.h">
      <Filter>Header Files</Filter>
    </ClInclude>
    <ClInclude Include="Engine\Runtime\Core\Public\Templates\Invoke.h">
      <Filter>Header Files</Filter>
    </ClInclude>
    <ClInclude Include="Engine\Runtime\Core\Public\Templates\IsArithmetic.h">
      <Filter>Header Files</Filter>
    </ClInclude>
    <ClInclude Include="Engine\Runtime\Core\Public\Templates\IsArray.h">
      <Filter>Header Files</Filter>
    </ClInclude>
    <ClInclude Include="Engine\Runtime\Core\Public\Templates\IsArrayOrRefOfTypeByPredicate.h">
      <Filter>Header Files</Filter>
    </ClInclude>
    <ClInclude Include="Engine\Runtime\Core\Public\Templates\IsConstructible.h">
      <Filter>Header Files</Filter>
    </ClInclude>
    <ClInclude Include="Engine\Runtime\Core\Public\Templates\IsEnum.h">
      <Filter>Header Files</Filter>
    </ClInclude>
    <ClInclude Include="Engine\Runtime\Core\Public\Templates\IsEnumClass.h">
      <Filter>Header Files</Filter>
    </ClInclude>
    <ClInclude Include="Engine\Runtime\Core\Public\Templates\IsIntegral.h">
      <Filter>Header Files</Filter>
    </ClInclude>
    <ClInclude Include="Engine\Runtime\Core\Public\Templates\IsInvocable.h">
      <Filter>Header Files</Filter>
    </ClInclude>
    <ClInclude Include="Engine\Runtime\Core\Public\Templates\IsPODType.h">
      <Filter>Header Files</Filter>
    </ClInclude>
    <ClInclude Include="Engine\Runtime\Core\Public\Templates\IsPointer.h">
      <Filter>Header Files</Filter>
    </ClInclude>
    <ClInclude Include="Engine\Runtime\Core\Public\Templates\IsTriviallyCopyAssignable.h">
      <Filter>Header Files</Filter>
    </ClInclude>
    <ClInclude Include="Engine\Runtime\Core\Public\Templates\IsTriviallyCopyConstructible.h">
      <Filter>Header Files</Filter>
    </ClInclude>
    <ClInclude Include="Engine\Runtime\Core\Public\Templates\IsTriviallyDestructible.h">
      <Filter>Header Files</Filter>
    </ClInclude>
    <ClInclude Include="Engine\Runtime\Core\Public\Templates\IsValidVariadicFunctionArg.h">
      <Filter>Header Files</Filter>
    </ClInclude>
    <ClInclude Include="Engine\Runtime\Core\Public\Templates\Less.h">
      <Filter>Header Files</Filter>
    </ClInclude>
    <ClInclude Include="Engine\Runtime\Core\Public\Templates\MemoryOps.h">
      <Filter>Header Files</Filter>
    </ClInclude>
    <ClInclude Include="Engine\Runtime\Core\Public\Templates\PointerIsConvertibleFromTo.h">
      <Filter>Header Files</Filter>
    </ClInclude>
    <ClInclude Include="Engine\Runtime\Core\Public\Templates\RemoveCV.h">
      <Filter>Header Files</Filter>
    </ClInclude>
    <ClInclude Include="Engine\Runtime\Core\Public\Templates\RemoveExtent.h">
      <Filter>Header Files</Filter>
    </ClInclude>
    <ClInclude Include="Engine\Runtime\Core\Public\Templates\RemoveReference.h">
      <Filter>Header Files</Filter>
    </ClInclude>
    <ClInclude Include="Engine\Runtime\Core\Public\Templates\ReversePredicate.h">
      <Filter>Header Files</Filter>
    </ClInclude>
    <ClInclude Include="Engine\Runtime\Core\Public\Templates\Sorting.h">
      <Filter>Header Files</Filter>
    </ClInclude>
    <ClInclude Include="Engine\Runtime\Core\Public\Templates\TypeCompatibleBytes.h">
      <Filter>Header Files</Filter>
    </ClInclude>
    <ClInclude Include="Engine\Runtime\Core\Public\Templates\TypeHash.h">
      <Filter>Header Files</Filter>
    </ClInclude>
    <ClInclude Include="Engine\Runtime\Core\Public\Templates\UnrealTemplate.h">
      <Filter>Header Files</Filter>
    </ClInclude>
    <ClInclude Include="Engine\Runtime\Core\Public\Templates\UnrealTypeTraits.h">
      <Filter>Header Files</Filter>
    </ClInclude>
    <ClInclude Include="Engine\Runtime\Core\Public\Traits\IsCharEncodingCompatibleWith.h">
      <Filter>Header Files</Filter>
    </ClInclude>
    <ClInclude Include="Engine\Runtime\Core\Public\Traits\IsContiguousContainer.h">
      <Filter>Header Files</Filter>
    </ClInclude>
    <ClInclude Include="Engine\Runtime\Core\Public\UObject\NameTypes.h">
      <Filter>Header Files</Filter>
    </ClInclude>
    <ClInclude Include="Engine\Runtime\Core\Public\UObject\UnrealNames.h">
      <Filter>Header Files</Filter>
    </ClInclude>
    <ClInclude Include="Engine\Runtime\Core\Public\UObject\UObjectHierarchyFwd.h">
      <Filter>Header Files</Filter>
    </ClInclude>
    <ClInclude Include="Engine\Runtime\Core\Public\Windows\MinimalWindowsApi.h">
      <Filter>Header Files</Filter>
    </ClInclude>
    <ClInclude Include="Engine\Runtime\Core\Public\Windows\WindowsPlatform.h">
      <Filter>Header Files</Filter>
    </ClInclude>
    <ClInclude Include="Engine\Runtime\Core\Public\Windows\WindowsPlatformAffinity.h">
      <Filter>Header Files</Filter>
    </ClInclude>
    <ClInclude Include="Engine\Runtime\Core\Public\Windows\WindowsPlatformAtomics.h">
      <Filter>Header Files</Filter>
    </ClInclude>
    <ClInclude Include="Engine\Runtime\Core\Public\Windows\WindowsPlatformCodeAnalysis.h">
      <Filter>Header Files</Filter>
    </ClInclude>
    <ClInclude Include="Engine\Runtime\Core\Public\Windows\WindowsPlatformCompilerSetup.h">
      <Filter>Header Files</Filter>
    </ClInclude>
    <ClInclude Include="Engine\Runtime\Core\Public\Windows\WindowsPlatformMisc.h">
      <Filter>Header Files</Filter>
    </ClInclude>
    <ClInclude Include="Engine\Runtime\Core\Public\Windows\WindowsPlatformProcess.h">
      <Filter>Header Files</Filter>
    </ClInclude>
    <ClInclude Include="Engine\Runtime\Core\Public\Windows\WindowsPlatformTime.h">
      <Filter>Header Files</Filter>
    </ClInclude>
    <ClInclude Include="Engine\Runtime\Core\Public\Windows\WindowsRunnableThread.h">
      <Filter>Header Files</Filter>
    </ClInclude>
    <ClInclude Include="Engine\Runtime\Core\Public\Windows\WindowsSystemIncludes.h">
      <Filter>Header Files</Filter>
    </ClInclude>
    <ClInclude Include="Engine\Plugins\Runtime\Nova\Public\Nova.h">
      <Filter>Header Files</Filter>
    </ClInclude>
    <ClInclude Include="Engine\Plugins\Runtime\Nova\Public\KismetMemoryLibrary.h">
      <Filter>Header Files</Filter>
    </ClInclude>
    <ClInclude Include="Engine\Plugins\Runtime\Nova\Public\KismetDetoursLibrary.h">
      <Filter>Header Files</Filter>
    </ClInclude>
    <ClInclude Include="vendor\memcury.h">
      <Filter>Header Files</Filter>
    </ClInclude>
    <ClInclude Include="Engine\Runtime\ApplicationCore\Public\Windows\WindowsConsoleOutputDevice.h">
      <Filter>Header Files</Filter>
    </ClInclude>
    <ClInclude Include="Engine\Plugins\Runtime\Nova\Public\Patches.h">
      <Filter>Header Files</Filter>
    </ClInclude>
    <ClInclude Include="Engine\Plugins\Runtime\Nova\Public\Patches\CrashPatch.h">
      <Filter>Header Files</Filter>
    </ClInclude>
    <ClInclude Include="Engine\Plugins\Runtime\Nova\Public\Patches\CurlHttpRequestPatch.h">
      <Filter>Source Files</Filter>
    </ClInclude>
    <ClInclude Include="Engine\Plugins\Runtime\Presidio\Public\Presidio.h">
      <Filter>Header Files</Filter>
    </ClInclude>
    <ClInclude Include="Engine\Runtime\CoreUObject\Public\UObject\Class.h">
      <Filter>Header Files</Filter>
    </ClInclude>
    <ClInclude Include="Engine\Runtime\CoreUObject\Public\UObject\Object.h">
      <Filter>Header Files</Filter>
    </ClInclude>
    <ClInclude Include="Engine\Runtime\CoreUObject\Public\UObject\ObjectMacros.h">
      <Filter>Header Files</Filter>
    </ClInclude>
    <ClInclude Include="Engine\Runtime\CoreUObject\Public\UObject\Package.h">
      <Filter>Header Files</Filter>
    </ClInclude>
    <ClInclude Include="Engine\Runtime\CoreUObject\Public\UObject\PersistentObjectPtr.h">
      <Filter>Header Files</Filter>
    </ClInclude>
    <ClInclude Include="Engine\Runtime\CoreUObject\Public\UObject\Script.h">
      <Filter>Header Files</Filter>
    </ClInclude>
    <ClInclude Include="Engine\Runtime\CoreUObject\Public\UObject\SoftObjectPath.h">
      <Filter>Header Files</Filter>
    </ClInclude>
    <ClInclude Include="Engine\Runtime\CoreUObject\Public\UObject\SoftObjectPtr.h">
      <Filter>Header Files</Filter>
    </ClInclude>
    <ClInclude Include="Engine\Runtime\CoreUObject\Public\UObject\Stack.h">
      <Filter>Header Files</Filter>
    </ClInclude>
    <ClInclude Include="Engine\Runtime\CoreUObject\Public\UObject\UnrealType.h">
      <Filter>Header Files</Filter>
    </ClInclude>
    <ClInclude Include="Engine\Runtime\CoreUObject\Public\UObject\UObjectGlobals.h">
      <Filter>Header Files</Filter>
    </ClInclude>
    <ClInclude Include="Engine\Runtime\CoreUObject\Public\UObject\WeakObjectPtr.h">
      <Filter>Header Files</Filter>
    </ClInclude>
    <ClInclude Include="Engine\Runtime\CoreUObject\Public\CoreUObject.h">
      <Filter>Header Files</Filter>
    </ClInclude>
    <ClInclude Include="Engine\Plugins\Runtime\Nova\Public\Mods\EditingMod.h">
      <Filter>Header Files</Filter>
    </ClInclude>
    <ClInclude Include="Engine\Runtime\Engine\Classes\Engine\Engine.h">
      <Filter>Header Files</Filter>
    </ClInclude>
    <ClInclude Include="Engine\Runtime\Engine\Classes\Engine\EngineTypes.h">
      <Filter>Header Files</Filter>
    </ClInclude>
    <ClInclude Include="Engine\Runtime\Engine\Classes\Engine\GameEngine.h">
      <Filter>Header Files</Filter>
    </ClInclude>
    <ClInclude Include="Engine\Runtime\Engine\Classes\Engine\GameInstance.h">
      <Filter>Header Files</Filter>
    </ClInclude>
    <ClInclude Include="Engine\Runtime\Engine\Classes\Engine\Level.h">
      <Filter>Header Files</Filter>
    </ClInclude>
    <ClInclude Include="Engine\Runtime\Engine\Classes\Engine\Player.h">
      <Filter>Header Files</Filter>
    </ClInclude>
    <ClInclude Include="Engine\Runtime\Engine\Classes\Engine\World.h">
      <Filter>Header Files</Filter>
    </ClInclude>
    <ClInclude Include="Engine\Runtime\Engine\Classes\GameFramework\Actor.h">
      <Filter>Header Files</Filter>
    </ClInclude>
    <ClInclude Include="Engine\Runtime\Engine\Classes\GameFramework\Character.h">
      <Filter>Header Files</Filter>
    </ClInclude>
    <ClInclude Include="Engine\Runtime\Engine\Classes\GameFramework\Controller.h">
      <Filter>Header Files</Filter>
    </ClInclude>
    <ClInclude Include="Engine\Runtime\Engine\Classes\GameFramework\Info.h">
      <Filter>Header Files</Filter>
    </ClInclude>
    <ClInclude Include="Engine\Runtime\Engine\Classes\GameFramework\Pawn.h">
      <Filter>Header Files</Filter>
    </ClInclude>
    <ClInclude Include="Engine\Runtime\Engine\Classes\GameFramework\PlayerController.h">
      <Filter>Header Files</Filter>
    </ClInclude>
    <ClInclude Include="Engine\Runtime\Engine\Classes\GameFramework\PlayerState.h">
      <Filter>Header Files</Filter>
    </ClInclude>
    <ClInclude Include="Engine\Runtime\Engine\Public\Engine.h">
      <Filter>Header Files</Filter>
    </ClInclude>
    <ClInclude Include="Engine\Runtime\FortniteGame\Public\Player\FortPlayerController.h">
      <Filter>Header Files</Filter>
    </ClInclude>
    <ClInclude Include="Engine\Runtime\FortniteGame\Public\Athena\Player\FortPlayerControllerAthena.h">
      <Filter>Header Files</Filter>
    </ClInclude>
    <ClInclude Include="Engine\Runtime\FortniteGame\Public\Player\FortPlayerControllerZone.h">
      <Filter>Header Files</Filter>
    </ClInclude>
    <ClInclude Include="Engine\Runtime\FortniteGame\Public\Player\FortPlayerControllerGameplay.h">
      <Filter>Header Files</Filter>
    </ClInclude>
    <ClInclude Include="Engine\Runtime\Engine\Classes\Engine\LocalPlayer.h">
      <Filter>Header Files</Filter>
    </ClInclude>
    <ClInclude Include="Engine\Runtime\FortniteGame\Public\BuildingPlayerPrimitivePreview.h">
      <Filter>Header Files</Filter>
    </ClInclude>
    <ClInclude Include="Engine\Runtime\FortniteGame\Public\Player\FortPlayerControllerPvP.h">
      <Filter>Header Files</Filter>
    </ClInclude>
    <ClInclude Include="Engine\Plugins\Runtime\Nova\Public\Mods.h">
      <Filter>Header Files</Filter>
    </ClInclude>
    <ClInclude Include="Engine\Runtime\FortniteGame\Public\FortEngine.h">
      <Filter>Header Files</Filter>
    </ClInclude>
    <ClInclude Include="Engine\Plugins\Runtime\Nova\Public\Patches\FortEnginePatch.h">
      <Filter>Header Files</Filter>
    </ClInclude>
    <ClInclude Include="Engine\Plugins\Runtime\Nova\Public\Patches\CameraUpdatePatch.h">
      <Filter>Header Files</Filter>
    </ClInclude>
    <ClInclude Include="Engine\Plugins\Runtime\Nova\Public\Patches\LinearPatch.h">
      <Filter>Header Files</Filter>
    </ClInclude>
    <ClInclude Include="Engine\Plugins\Runtime\Nova\Public\Mods\QuickBarMod.h">
      <Filter>Header Files</Filter>
    </ClInclude>
    <ClInclude Include="Engine\Runtime\FortniteGame\Public\Inventory\FortQuickBars.h">
      <Filter>Header Files</Filter>
    </ClInclude>
    <ClInclude Include="Engine\Runtime\FortniteGame\Public\ItemDefinitions\FortItem.h">
      <Filter>Header Files</Filter>
    </ClInclude>
    <ClInclude Include="Engine\Runtime\Engine\Classes\Engine\DataAsset.h">
      <Filter>Header Files</Filter>
    </ClInclude>
    <ClInclude Include="Engine\Runtime\FortniteGame\Public\Inventory\FortWorldItem.h">
      <Filter>Header Files</Filter>
    </ClInclude>
    <ClInclude Include="Engine\Runtime\GameplayTags\Classes\GameplayTag.h">
      <Filter>Header Files</Filter>
    </ClInclude>
    <ClInclude Include="Engine\Runtime\GameplayTags\Classes\GameplayTagContainer.h">
      <Filter>Header Files</Filter>
    </ClInclude>
    <ClInclude Include="Engine\Runtime\Engine\Classes\Kismet\KismetSystemLibrary.h">
      <Filter>Header Files</Filter>
    </ClInclude>
  </ItemGroup>
  <ItemGroup>
    <None Include="packages.config" />
  </ItemGroup>
</Project>